// !$*UTF8*$!
{
	archiveVersion = 1;
	classes = {
	};
	objectVersion = 46;
	objects = {

/* Begin PBXBuildFile section */
		86A79B6119BDFF240023EABC /* Foundation.framework in Frameworks */ = {isa = PBXBuildFile; fileRef = 86A79B6019BDFF240023EABC /* Foundation.framework */; };
		86A79B6319BDFF240023EABC /* CoreGraphics.framework in Frameworks */ = {isa = PBXBuildFile; fileRef = 86A79B6219BDFF240023EABC /* CoreGraphics.framework */; };
		86A79B6519BDFF240023EABC /* UIKit.framework in Frameworks */ = {isa = PBXBuildFile; fileRef = 86A79B6419BDFF240023EABC /* UIKit.framework */; };
		86A79B6B19BDFF240023EABC /* InfoPlist.strings in Resources */ = {isa = PBXBuildFile; fileRef = 86A79B6919BDFF240023EABC /* InfoPlist.strings */; };
		86A79B6D19BDFF240023EABC /* main.m in Sources */ = {isa = PBXBuildFile; fileRef = 86A79B6C19BDFF240023EABC /* main.m */; };
		86A79B7119BDFF240023EABC /* Li4tAppDelegate.m in Sources */ = {isa = PBXBuildFile; fileRef = 86A79B7019BDFF240023EABC /* Li4tAppDelegate.m */; };
		86A79B7419BDFF240023EABC /* Main_iPhone.storyboard in Resources */ = {isa = PBXBuildFile; fileRef = 86A79B7219BDFF240023EABC /* Main_iPhone.storyboard */; };
		86A79B7719BDFF240023EABC /* Main_iPad.storyboard in Resources */ = {isa = PBXBuildFile; fileRef = 86A79B7519BDFF240023EABC /* Main_iPad.storyboard */; };
		86A79B7A19BDFF240023EABC /* Li4tViewController.m in Sources */ = {isa = PBXBuildFile; fileRef = 86A79B7919BDFF240023EABC /* Li4tViewController.m */; };
		86A79B7C19BDFF240023EABC /* Images.xcassets in Resources */ = {isa = PBXBuildFile; fileRef = 86A79B7B19BDFF240023EABC /* Images.xcassets */; };
		86A79B8319BDFF240023EABC /* XCTest.framework in Frameworks */ = {isa = PBXBuildFile; fileRef = 86A79B8219BDFF240023EABC /* XCTest.framework */; };
		86A79B8419BDFF240023EABC /* Foundation.framework in Frameworks */ = {isa = PBXBuildFile; fileRef = 86A79B6019BDFF240023EABC /* Foundation.framework */; };
		86A79B8519BDFF240023EABC /* UIKit.framework in Frameworks */ = {isa = PBXBuildFile; fileRef = 86A79B6419BDFF240023EABC /* UIKit.framework */; };
		86A79B8D19BDFF240023EABC /* InfoPlist.strings in Resources */ = {isa = PBXBuildFile; fileRef = 86A79B8B19BDFF240023EABC /* InfoPlist.strings */; };
		86A79B8F19BDFF240023EABC /* GitTestTests.m in Sources */ = {isa = PBXBuildFile; fileRef = 86A79B8E19BDFF240023EABC /* GitTestTests.m */; };
/* End PBXBuildFile section */

/* Begin PBXContainerItemProxy section */
		86A79B8619BDFF240023EABC /* PBXContainerItemProxy */ = {
			isa = PBXContainerItemProxy;
			containerPortal = 86A79B5519BDFF240023EABC /* Project object */;
			proxyType = 1;
			remoteGlobalIDString = 86A79B5C19BDFF240023EABC;
			remoteInfo = GitTest;
		};
/* End PBXContainerItemProxy section */

/* Begin PBXFileReference section */
		86A79B5D19BDFF240023EABC /* GitTest.app */ = {isa = PBXFileReference; explicitFileType = wrapper.application; includeInIndex = 0; path = GitTest.app; sourceTree = BUILT_PRODUCTS_DIR; };
		86A79B6019BDFF240023EABC /* Foundation.framework */ = {isa = PBXFileReference; lastKnownFileType = wrapper.framework; name = Foundation.framework; path = System/Library/Frameworks/Foundation.framework; sourceTree = SDKROOT; };
		86A79B6219BDFF240023EABC /* CoreGraphics.framework */ = {isa = PBXFileReference; lastKnownFileType = wrapper.framework; name = CoreGraphics.framework; path = System/Library/Frameworks/CoreGraphics.framework; sourceTree = SDKROOT; };
		86A79B6419BDFF240023EABC /* UIKit.framework */ = {isa = PBXFileReference; lastKnownFileType = wrapper.framework; name = UIKit.framework; path = System/Library/Frameworks/UIKit.framework; sourceTree = SDKROOT; };
		86A79B6819BDFF240023EABC /* GitTest-Info.plist */ = {isa = PBXFileReference; lastKnownFileType = text.plist.xml; path = "GitTest-Info.plist"; sourceTree = "<group>"; };
		86A79B6A19BDFF240023EABC /* en */ = {isa = PBXFileReference; lastKnownFileType = text.plist.strings; name = en; path = en.lproj/InfoPlist.strings; sourceTree = "<group>"; };
		86A79B6C19BDFF240023EABC /* main.m */ = {isa = PBXFileReference; lastKnownFileType = sourcecode.c.objc; path = main.m; sourceTree = "<group>"; };
		86A79B6E19BDFF240023EABC /* GitTest-Prefix.pch */ = {isa = PBXFileReference; lastKnownFileType = sourcecode.c.h; path = "GitTest-Prefix.pch"; sourceTree = "<group>"; };
		86A79B6F19BDFF240023EABC /* Li4tAppDelegate.h */ = {isa = PBXFileReference; lastKnownFileType = sourcecode.c.h; path = Li4tAppDelegate.h; sourceTree = "<group>"; };
		86A79B7019BDFF240023EABC /* Li4tAppDelegate.m */ = {isa = PBXFileReference; lastKnownFileType = sourcecode.c.objc; path = Li4tAppDelegate.m; sourceTree = "<group>"; };
		86A79B7319BDFF240023EABC /* Base */ = {isa = PBXFileReference; lastKnownFileType = file.storyboard; name = Base; path = Base.lproj/Main_iPhone.storyboard; sourceTree = "<group>"; };
		86A79B7619BDFF240023EABC /* Base */ = {isa = PBXFileReference; lastKnownFileType = file.storyboard; name = Base; path = Base.lproj/Main_iPad.storyboard; sourceTree = "<group>"; };
		86A79B7819BDFF240023EABC /* Li4tViewController.h */ = {isa = PBXFileReference; lastKnownFileType = sourcecode.c.h; path = Li4tViewController.h; sourceTree = "<group>"; };
		86A79B7919BDFF240023EABC /* Li4tViewController.m */ = {isa = PBXFileReference; lastKnownFileType = sourcecode.c.objc; path = Li4tViewController.m; sourceTree = "<group>"; };
		86A79B7B19BDFF240023EABC /* Images.xcassets */ = {isa = PBXFileReference; lastKnownFileType = folder.assetcatalog; path = Images.xcassets; sourceTree = "<group>"; };
		86A79B8119BDFF240023EABC /* GitTestTests.xctest */ = {isa = PBXFileReference; explicitFileType = wrapper.cfbundle; includeInIndex = 0; path = GitTestTests.xctest; sourceTree = BUILT_PRODUCTS_DIR; };
		86A79B8219BDFF240023EABC /* XCTest.framework */ = {isa = PBXFileReference; lastKnownFileType = wrapper.framework; name = XCTest.framework; path = Library/Frameworks/XCTest.framework; sourceTree = DEVELOPER_DIR; };
		86A79B8A19BDFF240023EABC /* GitTestTests-Info.plist */ = {isa = PBXFileReference; lastKnownFileType = text.plist.xml; path = "GitTestTests-Info.plist"; sourceTree = "<group>"; };
		86A79B8C19BDFF240023EABC /* en */ = {isa = PBXFileReference; lastKnownFileType = text.plist.strings; name = en; path = en.lproj/InfoPlist.strings; sourceTree = "<group>"; };
		86A79B8E19BDFF240023EABC /* GitTestTests.m */ = {isa = PBXFileReference; lastKnownFileType = sourcecode.c.objc; path = GitTestTests.m; sourceTree = "<group>"; };
/* End PBXFileReference section */

/* Begin PBXFrameworksBuildPhase section */
		86A79B5A19BDFF240023EABC /* Frameworks */ = {
			isa = PBXFrameworksBuildPhase;
			buildActionMask = 2147483647;
			files = (
				86A79B6319BDFF240023EABC /* CoreGraphics.framework in Frameworks */,
				86A79B6519BDFF240023EABC /* UIKit.framework in Frameworks */,
				86A79B6119BDFF240023EABC /* Foundation.framework in Frameworks */,
			);
			runOnlyForDeploymentPostprocessing = 0;
		};
		86A79B7E19BDFF240023EABC /* Frameworks */ = {
			isa = PBXFrameworksBuildPhase;
			buildActionMask = 2147483647;
			files = (
				86A79B8319BDFF240023EABC /* XCTest.framework in Frameworks */,
				86A79B8519BDFF240023EABC /* UIKit.framework in Frameworks */,
				86A79B8419BDFF240023EABC /* Foundation.framework in Frameworks */,
			);
			runOnlyForDeploymentPostprocessing = 0;
		};
/* End PBXFrameworksBuildPhase section */

/* Begin PBXGroup section */
		86A79B5419BDFF240023EABC = {
			isa = PBXGroup;
			children = (
				86A79B6619BDFF240023EABC /* GitTest */,
				86A79B8819BDFF240023EABC /* GitTestTests */,
				86A79B5F19BDFF240023EABC /* Frameworks */,
				86A79B5E19BDFF240023EABC /* Products */,
			);
			sourceTree = "<group>";
		};
		86A79B5E19BDFF240023EABC /* Products */ = {
			isa = PBXGroup;
			children = (
				86A79B5D19BDFF240023EABC /* GitTest.app */,
				86A79B8119BDFF240023EABC /* GitTestTests.xctest */,
			);
			name = Products;
			sourceTree = "<group>";
		};
		86A79B5F19BDFF240023EABC /* Frameworks */ = {
			isa = PBXGroup;
			children = (
				86A79B6019BDFF240023EABC /* Foundation.framework */,
				86A79B6219BDFF240023EABC /* CoreGraphics.framework */,
				86A79B6419BDFF240023EABC /* UIKit.framework */,
				86A79B8219BDFF240023EABC /* XCTest.framework */,
			);
			name = Frameworks;
			sourceTree = "<group>";
		};
		86A79B6619BDFF240023EABC /* GitTest */ = {
			isa = PBXGroup;
			children = (
				86A79B6F19BDFF240023EABC /* Li4tAppDelegate.h */,
				86A79B7019BDFF240023EABC /* Li4tAppDelegate.m */,
				86A79B7219BDFF240023EABC /* Main_iPhone.storyboard */,
				86A79B7519BDFF240023EABC /* Main_iPad.storyboard */,
				86A79B7819BDFF240023EABC /* Li4tViewController.h */,
				86A79B7919BDFF240023EABC /* Li4tViewController.m */,
				86A79B7B19BDFF240023EABC /* Images.xcassets */,
				86A79B6719BDFF240023EABC /* Supporting Files */,
			);
			path = GitTest;
			sourceTree = "<group>";
		};
		86A79B6719BDFF240023EABC /* Supporting Files */ = {
			isa = PBXGroup;
			children = (
				86A79B6819BDFF240023EABC /* GitTest-Info.plist */,
				86A79B6919BDFF240023EABC /* InfoPlist.strings */,
				86A79B6C19BDFF240023EABC /* main.m */,
				86A79B6E19BDFF240023EABC /* GitTest-Prefix.pch */,
			);
			name = "Supporting Files";
			sourceTree = "<group>";
		};
		86A79B8819BDFF240023EABC /* GitTestTests */ = {
			isa = PBXGroup;
			children = (
				86A79B8E19BDFF240023EABC /* GitTestTests.m */,
				86A79B8919BDFF240023EABC /* Supporting Files */,
			);
			path = GitTestTests;
			sourceTree = "<group>";
		};
		86A79B8919BDFF240023EABC /* Supporting Files */ = {
			isa = PBXGroup;
			children = (
				86A79B8A19BDFF240023EABC /* GitTestTests-Info.plist */,
				86A79B8B19BDFF240023EABC /* InfoPlist.strings */,
			);
			name = "Supporting Files";
			sourceTree = "<group>";
		};
/* End PBXGroup section */

/* Begin PBXNativeTarget section */
		86A79B5C19BDFF240023EABC /* GitTest */ = {
			isa = PBXNativeTarget;
			buildConfigurationList = 86A79B9219BDFF240023EABC /* Build configuration list for PBXNativeTarget "GitTest" */;
			buildPhases = (
				86A79B5919BDFF240023EABC /* Sources */,
				86A79B5A19BDFF240023EABC /* Frameworks */,
				86A79B5B19BDFF240023EABC /* Resources */,
			);
			buildRules = (
			);
			dependencies = (
			);
			name = GitTest;
			productName = GitTest;
			productReference = 86A79B5D19BDFF240023EABC /* GitTest.app */;
			productType = "com.apple.product-type.application";
		};
		86A79B8019BDFF240023EABC /* GitTestTests */ = {
			isa = PBXNativeTarget;
			buildConfigurationList = 86A79B9519BDFF240023EABC /* Build configuration list for PBXNativeTarget "GitTestTests" */;
			buildPhases = (
				86A79B7D19BDFF240023EABC /* Sources */,
				86A79B7E19BDFF240023EABC /* Frameworks */,
				86A79B7F19BDFF240023EABC /* Resources */,
			);
			buildRules = (
			);
			dependencies = (
				86A79B8719BDFF240023EABC /* PBXTargetDependency */,
			);
			name = GitTestTests;
			productName = GitTestTests;
			productReference = 86A79B8119BDFF240023EABC /* GitTestTests.xctest */;
			productType = "com.apple.product-type.bundle.unit-test";
		};
/* End PBXNativeTarget section */

/* Begin PBXProject section */
		86A79B5519BDFF240023EABC /* Project object */ = {
			isa = PBXProject;
			attributes = {
				CLASSPREFIX = Li4t;
				LastUpgradeCheck = 0510;
				ORGANIZATIONNAME = LaloCo;
				TargetAttributes = {
					86A79B8019BDFF240023EABC = {
						TestTargetID = 86A79B5C19BDFF240023EABC;
					};
				};
			};
			buildConfigurationList = 86A79B5819BDFF240023EABC /* Build configuration list for PBXProject "GitTest" */;
			compatibilityVersion = "Xcode 3.2";
			developmentRegion = English;
			hasScannedForEncodings = 0;
			knownRegions = (
				en,
				Base,
			);
			mainGroup = 86A79B5419BDFF240023EABC;
			productRefGroup = 86A79B5E19BDFF240023EABC /* Products */;
			projectDirPath = "";
			projectRoot = "";
			targets = (
				86A79B5C19BDFF240023EABC /* GitTest */,
				86A79B8019BDFF240023EABC /* GitTestTests */,
			);
		};
/* End PBXProject section */

/* Begin PBXResourcesBuildPhase section */
		86A79B5B19BDFF240023EABC /* Resources */ = {
			isa = PBXResourcesBuildPhase;
			buildActionMask = 2147483647;
			files = (
				86A79B7719BDFF240023EABC /* Main_iPad.storyboard in Resources */,
				86A79B7C19BDFF240023EABC /* Images.xcassets in Resources */,
				86A79B7419BDFF240023EABC /* Main_iPhone.storyboard in Resources */,
				86A79B6B19BDFF240023EABC /* InfoPlist.strings in Resources */,
			);
			runOnlyForDeploymentPostprocessing = 0;
		};
		86A79B7F19BDFF240023EABC /* Resources */ = {
			isa = PBXResourcesBuildPhase;
			buildActionMask = 2147483647;
			files = (
				86A79B8D19BDFF240023EABC /* InfoPlist.strings in Resources */,
			);
			runOnlyForDeploymentPostprocessing = 0;
		};
/* End PBXResourcesBuildPhase section */

/* Begin PBXSourcesBuildPhase section */
		86A79B5919BDFF240023EABC /* Sources */ = {
			isa = PBXSourcesBuildPhase;
			buildActionMask = 2147483647;
			files = (
				86A79B6D19BDFF240023EABC /* main.m in Sources */,
				86A79B7119BDFF240023EABC /* Li4tAppDelegate.m in Sources */,
				86A79B7A19BDFF240023EABC /* Li4tViewController.m in Sources */,
			);
			runOnlyForDeploymentPostprocessing = 0;
		};
		86A79B7D19BDFF240023EABC /* Sources */ = {
			isa = PBXSourcesBuildPhase;
			buildActionMask = 2147483647;
			files = (
				86A79B8F19BDFF240023EABC /* GitTestTests.m in Sources */,
			);
			runOnlyForDeploymentPostprocessing = 0;
		};
/* End PBXSourcesBuildPhase section */

/* Begin PBXTargetDependency section */
		86A79B8719BDFF240023EABC /* PBXTargetDependency */ = {
			isa = PBXTargetDependency;
			target = 86A79B5C19BDFF240023EABC /* GitTest */;
			targetProxy = 86A79B8619BDFF240023EABC /* PBXContainerItemProxy */;
		};
/* End PBXTargetDependency section */

/* Begin PBXVariantGroup section */
		86A79B6919BDFF240023EABC /* InfoPlist.strings */ = {
			isa = PBXVariantGroup;
			children = (
				86A79B6A19BDFF240023EABC /* en */,
			);
			name = InfoPlist.strings;
			sourceTree = "<group>";
		};
		86A79B7219BDFF240023EABC /* Main_iPhone.storyboard */ = {
			isa = PBXVariantGroup;
			children = (
				86A79B7319BDFF240023EABC /* Base */,
			);
			name = Main_iPhone.storyboard;
			sourceTree = "<group>";
		};
		86A79B7519BDFF240023EABC /* Main_iPad.storyboard */ = {
			isa = PBXVariantGroup;
			children = (
				86A79B7619BDFF240023EABC /* Base */,
			);
			name = Main_iPad.storyboard;
			sourceTree = "<group>";
		};
		86A79B8B19BDFF240023EABC /* InfoPlist.strings */ = {
			isa = PBXVariantGroup;
			children = (
				86A79B8C19BDFF240023EABC /* en */,
			);
			name = InfoPlist.strings;
			sourceTree = "<group>";
		};
/* End PBXVariantGroup section */

/* Begin XCBuildConfiguration section */
		86A79B9019BDFF240023EABC /* Debug */ = {
			isa = XCBuildConfiguration;
			buildSettings = {
				ALWAYS_SEARCH_USER_PATHS = NO;
				CLANG_CXX_LANGUAGE_STANDARD = "gnu++0x";
				CLANG_CXX_LIBRARY = "libc++";
				CLANG_ENABLE_MODULES = YES;
				CLANG_ENABLE_OBJC_ARC = YES;
				CLANG_WARN_BOOL_CONVERSION = YES;
				CLANG_WARN_CONSTANT_CONVERSION = YES;
				CLANG_WARN_DIRECT_OBJC_ISA_USAGE = YES_ERROR;
				CLANG_WARN_EMPTY_BODY = YES;
				CLANG_WARN_ENUM_CONVERSION = YES;
				CLANG_WARN_INT_CONVERSION = YES;
				CLANG_WARN_OBJC_ROOT_CLASS = YES_ERROR;
				CLANG_WARN__DUPLICATE_METHOD_MATCH = YES;
				"CODE_SIGN_IDENTITY[sdk=iphoneos*]" = "iPhone Developer";
				COPY_PHASE_STRIP = NO;
				GCC_C_LANGUAGE_STANDARD = gnu99;
				GCC_DYNAMIC_NO_PIC = NO;
				GCC_OPTIMIZATION_LEVEL = 0;
				GCC_PREPROCESSOR_DEFINITIONS = (
					"DEBUG=1",
					"$(inherited)",
				);
				GCC_SYMBOLS_PRIVATE_EXTERN = NO;
				GCC_WARN_64_TO_32_BIT_CONVERSION = YES;
				GCC_WARN_ABOUT_RETURN_TYPE = YES_ERROR;
				GCC_WARN_UNDECLARED_SELECTOR = YES;
				GCC_WARN_UNINITIALIZED_AUTOS = YES_AGGRESSIVE;
				GCC_WARN_UNUSED_FUNCTION = YES;
				GCC_WARN_UNUSED_VARIABLE = YES;
				IPHONEOS_DEPLOYMENT_TARGET = 7.1;
				ONLY_ACTIVE_ARCH = YES;
				SDKROOT = iphoneos;
				TARGETED_DEVICE_FAMILY = "1,2";
			};
			name = Debug;
		};
		86A79B9119BDFF240023EABC /* Release */ = {
			isa = XCBuildConfiguration;
			buildSettings = {
				ALWAYS_SEARCH_USER_PATHS = NO;
				CLANG_CXX_LANGUAGE_STANDARD = "gnu++0x";
				CLANG_CXX_LIBRARY = "libc++";
				CLANG_ENABLE_MODULES = YES;
				CLANG_ENABLE_OBJC_ARC = YES;
				CLANG_WARN_BOOL_CONVERSION = YES;
				CLANG_WARN_CONSTANT_CONVERSION = YES;
				CLANG_WARN_DIRECT_OBJC_ISA_USAGE = YES_ERROR;
				CLANG_WARN_EMPTY_BODY = YES;
				CLANG_WARN_ENUM_CONVERSION = YES;
				CLANG_WARN_INT_CONVERSION = YES;
				CLANG_WARN_OBJC_ROOT_CLASS = YES_ERROR;
				CLANG_WARN__DUPLICATE_METHOD_MATCH = YES;
				"CODE_SIGN_IDENTITY[sdk=iphoneos*]" = "iPhone Developer";
				COPY_PHASE_STRIP = YES;
				ENABLE_NS_ASSERTIONS = NO;
				GCC_C_LANGUAGE_STANDARD = gnu99;
				GCC_WARN_64_TO_32_BIT_CONVERSION = YES;
				GCC_WARN_ABOUT_RETURN_TYPE = YES_ERROR;
				GCC_WARN_UNDECLARED_SELECTOR = YES;
				GCC_WARN_UNINITIALIZED_AUTOS = YES_AGGRESSIVE;
				GCC_WARN_UNUSED_FUNCTION = YES;
				GCC_WARN_UNUSED_VARIABLE = YES;
				IPHONEOS_DEPLOYMENT_TARGET = 7.1;
				SDKROOT = iphoneos;
				TARGETED_DEVICE_FAMILY = "1,2";
				VALIDATE_PRODUCT = YES;
			};
			name = Release;
		};
		86A79B9319BDFF240023EABC /* Debug */ = {
			isa = XCBuildConfiguration;
			buildSettings = {
				ASSETCATALOG_COMPILER_APPICON_NAME = AppIcon;
				ASSETCATALOG_COMPILER_LAUNCHIMAGE_NAME = LaunchImage;
				GCC_PRECOMPILE_PREFIX_HEADER = YES;
				GCC_PREFIX_HEADER = "GitTest/GitTest-Prefix.pch";
				INFOPLIST_FILE = "GitTest/GitTest-Info.plist";
				PRODUCT_NAME = "$(TARGET_NAME)";
				WRAPPER_EXTENSION = app;
			};
			name = Debug;
		};
		86A79B9419BDFF240023EABC /* Release */ = {
			isa = XCBuildConfiguration;
			buildSettings = {
				ASSETCATALOG_COMPILER_APPICON_NAME = AppIcon;
				ASSETCATALOG_COMPILER_LAUNCHIMAGE_NAME = LaunchImage;
				GCC_PRECOMPILE_PREFIX_HEADER = YES;
				GCC_PREFIX_HEADER = "GitTest/GitTest-Prefix.pch";
				INFOPLIST_FILE = "GitTest/GitTest-Info.plist";
				PRODUCT_NAME = "$(TARGET_NAME)";
				WRAPPER_EXTENSION = app;
			};
			name = Release;
		};
		86A79B9619BDFF240023EABC /* Debug */ = {
			isa = XCBuildConfiguration;
			buildSettings = {
				BUNDLE_LOADER = "$(BUILT_PRODUCTS_DIR)/GitTest.app/GitTest";
				FRAMEWORK_SEARCH_PATHS = (
					"$(SDKROOT)/Developer/Library/Frameworks",
					"$(inherited)",
					"$(DEVELOPER_FRAMEWORKS_DIR)",
				);
				GCC_PRECOMPILE_PREFIX_HEADER = YES;
				GCC_PREFIX_HEADER = "GitTest/GitTest-Prefix.pch";
				GCC_PREPROCESSOR_DEFINITIONS = (
					"DEBUG=1",
					"$(inherited)",
				);
				INFOPLIST_FILE = "GitTestTests/GitTestTests-Info.plist";
				PRODUCT_NAME = "$(TARGET_NAME)";
				TEST_HOST = "$(BUNDLE_LOADER)";
				WRAPPER_EXTENSION = xctest;
			};
			name = Debug;
		};
		86A79B9719BDFF240023EABC /* Release */ = {
			isa = XCBuildConfiguration;
			buildSettings = {
				BUNDLE_LOADER = "$(BUILT_PRODUCTS_DIR)/GitTest.app/GitTest";
				FRAMEWORK_SEARCH_PATHS = (
					"$(SDKROOT)/Developer/Library/Frameworks",
					"$(inherited)",
					"$(DEVELOPER_FRAMEWORKS_DIR)",
				);
				GCC_PRECOMPILE_PREFIX_HEADER = YES;
				GCC_PREFIX_HEADER = "GitTest/GitTest-Prefix.pch";
				INFOPLIST_FILE = "GitTestTests/GitTestTests-Info.plist";
				PRODUCT_NAME = "$(TARGET_NAME)";
				TEST_HOST = "$(BUNDLE_LOADER)";
				WRAPPER_EXTENSION = xctest;
			};
			name = Release;
		};
/* End XCBuildConfiguration section */

/* Begin XCConfigurationList section */
		86A79B5819BDFF240023EABC /* Build configuration list for PBXProject "GitTest" */ = {
			isa = XCConfigurationList;
			buildConfigurations = (
				86A79B9019BDFF240023EABC /* Debug */,
				86A79B9119BDFF240023EABC /* Release */,
			);
			defaultConfigurationIsVisible = 0;
			defaultConfigurationName = Release;
		};
		86A79B9219BDFF240023EABC /* Build configuration list for PBXNativeTarget "GitTest" */ = {
			isa = XCConfigurationList;
			buildConfigurations = (
				86A79B9319BDFF240023EABC /* Debug */,
				86A79B9419BDFF240023EABC /* Release */,
			);
			defaultConfigurationIsVisible = 0;
		};
		86A79B9519BDFF240023EABC /* Build configuration list for PBXNativeTarget "GitTestTests" */ = {
			isa = XCConfigurationList;
			buildConfigurations = (
				86A79B9619BDFF240023EABC /* Debug */,
				86A79B9719BDFF240023EABC /* Release */,
			);
			defaultConfigurationIsVisible = 0;
		};
/* End XCConfigurationList section */
	};
	rootObject = 86A79B5519BDFF240023EABC /* Project object */;
}
